
Microsoft Visual Studio Solution File, Format Version 12.00
# Visual Studio Version 17
VisualStudioVersion = 17.7.34031.279
MinimumVisualStudioVersion = 10.0.40219.1
Project("{FAE04EC0-301F-11D3-BF4B-00C04F79EFBC}") = "TheCalculator", "TheCalculator.csproj", "{1496F91E-B5A8-4579-A50B-773042157B40}"
EndProject
Global
	GlobalSection(SolutionConfigurationPlatforms) = preSolution
		Debug|Any CPU = Debug|Any CPU
		Release|Any CPU = Release|Any CPU
	EndGlobalSection
	GlobalSection(ProjectConfigurationPlatforms) = postSolution
		{1496F91E-B5A8-4579-A50B-773042157B40}.Debug|Any CPU.ActiveCfg = Debug|Any CPU
		{1496F91E-B5A8-4579-A50B-773042157B40}.Debug|Any CPU.Build.0 = Debug|Any CPU
		{1496F91E-B5A8-4579-A50B-773042157B40}.Release|Any CPU.ActiveCfg = Release|Any CPU
		{1496F91E-B5A8-4579-A50B-773042157B40}.Release|Any CPU.Build.0 = Release|Any CPU
	EndGlobalSection
	GlobalSection(SolutionProperties) = preSolution
		HideSolutionNode = FALSE
	EndGlobalSection
	GlobalSection(ExtensibilityGlobals) = postSolution
		SolutionGuid = {48A8F4EF-609A-4214-91CF-1769C2F5DE01}
	EndGlobalSection
EndGlobal
